{
  "name": "customnpm",
  "version": "1.0.0",
  "lockfileVersion": 2,
  "requires": true,
  "packages": {
    "": {
      "name": "customnpm",
      "version": "1.0.0",
      "dependencies": {
        "csv4-font": "file:common/fonts"
      }
    },
    "../../../../common": {
      "extraneous": true
    },
    "common": {},
    "common/fonts": {},
    "node_modules/csv4-font": {
      "resolved": "common/fonts",
      "link": true
    }
  },
  "dependencies": {
    "csv4-font": {
      "version": "file:common/fonts"
    }
  }
}
